
Microsoft Visual Studio Solution File, Format Version 12.00
# Visual Studio Version 17
VisualStudioVersion = 17.4.33213.308
MinimumVisualStudioVersion = 10.0.40219.1
Project("{FAE04EC0-301F-11D3-BF4B-00C04F79EFBC}") = "EmailService", "EmailService\EmailService.csproj", "{FE4DA976-092A-458D-AC61-6096F06598F0}"
EndProject
Project("{FAE04EC0-301F-11D3-BF4B-00C04F79EFBC}") = "EmailService.Test", "EmailService.Test\EmailService.Test.csproj", "{9A48C598-FEF7-49EC-83CD-F77403C47C7C}"
EndProject
Global
	GlobalSection(SolutionConfigurationPlatforms) = preSolution
		Debug|Any CPU = Debug|Any CPU
		Release|Any CPU = Release|Any CPU
	EndGlobalSection
	GlobalSection(ProjectConfigurationPlatforms) = postSolution
		{FE4DA976-092A-458D-AC61-6096F06598F0}.Debug|Any CPU.ActiveCfg = Debug|Any CPU
		{FE4DA976-092A-458D-AC61-6096F06598F0}.Debug|Any CPU.Build.0 = Debug|Any CPU
		{FE4DA976-092A-458D-AC61-6096F06598F0}.Release|Any CPU.ActiveCfg = Release|Any CPU
		{FE4DA976-092A-458D-AC61-6096F06598F0}.Release|Any CPU.Build.0 = Release|Any CPU
		{9A48C598-FEF7-49EC-83CD-F77403C47C7C}.Debug|Any CPU.ActiveCfg = Debug|Any CPU
		{9A48C598-FEF7-49EC-83CD-F77403C47C7C}.Debug|Any CPU.Build.0 = Debug|Any CPU
		{9A48C598-FEF7-49EC-83CD-F77403C47C7C}.Release|Any CPU.ActiveCfg = Release|Any CPU
		{9A48C598-FEF7-49EC-83CD-F77403C47C7C}.Release|Any CPU.Build.0 = Release|Any CPU
	EndGlobalSection
	GlobalSection(SolutionProperties) = preSolution
		HideSolutionNode = FALSE
	EndGlobalSection
	GlobalSection(ExtensibilityGlobals) = postSolution
		SolutionGuid = {34D89BD1-4C7F-4D88-98FE-AB46150B5F21}
	EndGlobalSection
EndGlobal
